// !$*UTF8*$!
{
	archiveVersion = 1;
	classes = {
	};
	objectVersion = 50;
	objects = {

/* Begin PBXBuildFile section */
		15254E5125F5B31D00D5C84B /* main.cpp in Sources */ = {isa = PBXBuildFile; fileRef = 15254E5025F5B31D00D5C84B /* main.cpp */; };
		15254E5A25F5CCE400D5C84B /* test9.cpp in Sources */ = {isa = PBXBuildFile; fileRef = 15254E5825F5CCE400D5C84B /* test9.cpp */; };
		15254E5F25F5DB3100D5C84B /* test8.cpp in Sources */ = {isa = PBXBuildFile; fileRef = 15254E5D25F5DB3100D5C84B /* test8.cpp */; };
		1531733825FA3EDA00A4F772 /* ch2.cpp in Sources */ = {isa = PBXBuildFile; fileRef = 1531733625FA3EDA00A4F772 /* ch2.cpp */; };
		155909D125FE569300ED7FB7 /* test.cpp in Sources */ = {isa = PBXBuildFile; fileRef = 155909CF25FE569300ED7FB7 /* test.cpp */; };
		155D8CF826155284005E9B65 /* main.cpp in Sources */ = {isa = PBXBuildFile; fileRef = 155D8CF726155284005E9B65 /* main.cpp */; };
		155D8CFE2615AE98005E9B65 /* 14.cpp in Sources */ = {isa = PBXBuildFile; fileRef = 155D8CFD2615AE98005E9B65 /* 14.cpp */; };
		155FDF4625FCEA66000B43E4 /* ch3.cpp in Sources */ = {isa = PBXBuildFile; fileRef = 155FDF4425FCEA66000B43E4 /* ch3.cpp */; };
		156943BF2610902800FFFD3F /* ch5.cpp in Sources */ = {isa = PBXBuildFile; fileRef = 156943BE2610902800FFFD3F /* ch5.cpp */; };
		15737E6426034FE90075B8BE /* test4.cpp in Sources */ = {isa = PBXBuildFile; fileRef = 15737E6226034FE90075B8BE /* test4.cpp */; };
		15848AC525FA07980045FE35 /* node.cpp in Sources */ = {isa = PBXBuildFile; fileRef = 15848AC325FA07980045FE35 /* node.cpp */; };
		15848ACA25FA13190045FE35 /* test6.cpp in Sources */ = {isa = PBXBuildFile; fileRef = 15848AC825FA13190045FE35 /* test6.cpp */; };
		15B5A57C260EFFCC009483B6 /* ch2_2.cpp in Sources */ = {isa = PBXBuildFile; fileRef = 15B5A57B260EFFCC009483B6 /* ch2_2.cpp */; };
		15BD3A8725F854AD00D624B4 /* queue.cpp in Sources */ = {isa = PBXBuildFile; fileRef = 15BD3A8525F854AD00D624B4 /* queue.cpp */; };
/* End PBXBuildFile section */

/* Begin PBXCopyFilesBuildPhase section */
		15254E4B25F5B31D00D5C84B /* CopyFiles */ = {
			isa = PBXCopyFilesBuildPhase;
			buildActionMask = 2147483647;
			dstPath = /usr/share/man/man1/;
			dstSubfolderSpec = 0;
			files = (
			);
			runOnlyForDeploymentPostprocessing = 1;
		};
/* End PBXCopyFilesBuildPhase section */

/* Begin PBXFileReference section */
		15254E4D25F5B31D00D5C84B /* test */ = {isa = PBXFileReference; explicitFileType = "compiled.mach-o.executable"; includeInIndex = 0; path = test; sourceTree = BUILT_PRODUCTS_DIR; };
		15254E5025F5B31D00D5C84B /* main.cpp */ = {isa = PBXFileReference; lastKnownFileType = sourcecode.cpp.cpp; path = main.cpp; sourceTree = "<group>"; };
		15254E5825F5CCE400D5C84B /* test9.cpp */ = {isa = PBXFileReference; lastKnownFileType = sourcecode.cpp.cpp; path = test9.cpp; sourceTree = "<group>"; };
		15254E5D25F5DB3100D5C84B /* test8.cpp */ = {isa = PBXFileReference; lastKnownFileType = sourcecode.cpp.cpp; path = test8.cpp; sourceTree = "<group>"; };
		1531733625FA3EDA00A4F772 /* ch2.cpp */ = {isa = PBXFileReference; lastKnownFileType = sourcecode.cpp.cpp; path = ch2.cpp; sourceTree = "<group>"; };
		155909CF25FE569300ED7FB7 /* test.cpp */ = {isa = PBXFileReference; lastKnownFileType = sourcecode.cpp.cpp; path = test.cpp; sourceTree = "<group>"; };
		155909D425FE5D8000ED7FB7 /* model.h */ = {isa = PBXFileReference; lastKnownFileType = sourcecode.c.h; path = model.h; sourceTree = "<group>"; };
		155D8CF726155284005E9B65 /* main.cpp */ = {isa = PBXFileReference; lastKnownFileType = sourcecode.cpp.cpp; path = main.cpp; sourceTree = "<group>"; };
		155D8CFB2615AE1C005E9B65 /* BST.h */ = {isa = PBXFileReference; lastKnownFileType = sourcecode.c.h; path = BST.h; sourceTree = "<group>"; };
		155D8CFD2615AE98005E9B65 /* 14.cpp */ = {isa = PBXFileReference; lastKnownFileType = sourcecode.cpp.cpp; path = 14.cpp; sourceTree = "<group>"; };
		155D8D012615B1D8005E9B65 /* array.h */ = {isa = PBXFileReference; lastKnownFileType = sourcecode.c.h; path = array.h; sourceTree = "<group>"; };
		155FDF4425FCEA66000B43E4 /* ch3.cpp */ = {isa = PBXFileReference; lastKnownFileType = sourcecode.cpp.cpp; path = ch3.cpp; sourceTree = "<group>"; };
		156943BE2610902800FFFD3F /* ch5.cpp */ = {isa = PBXFileReference; lastKnownFileType = sourcecode.cpp.cpp; path = ch5.cpp; sourceTree = "<group>"; };
		156943C1261095A900FFFD3F /* heap.h */ = {isa = PBXFileReference; lastKnownFileType = sourcecode.c.h; path = heap.h; sourceTree = "<group>"; };
		15737E6026034F840075B8BE /* Btree.h */ = {isa = PBXFileReference; lastKnownFileType = sourcecode.c.h; path = Btree.h; sourceTree = "<group>"; };
		15737E6226034FE90075B8BE /* test4.cpp */ = {isa = PBXFileReference; lastKnownFileType = sourcecode.cpp.cpp; path = test4.cpp; sourceTree = "<group>"; };
		15848AC325FA07980045FE35 /* node.cpp */ = {isa = PBXFileReference; lastKnownFileType = sourcecode.cpp.cpp; path = node.cpp; sourceTree = "<group>"; };
		15848AC825FA13190045FE35 /* test6.cpp */ = {isa = PBXFileReference; lastKnownFileType = sourcecode.cpp.cpp; path = test6.cpp; sourceTree = "<group>"; };
		15B5A57B260EFFCC009483B6 /* ch2_2.cpp */ = {isa = PBXFileReference; lastKnownFileType = sourcecode.cpp.cpp; path = ch2_2.cpp; sourceTree = "<group>"; };
		15B5A57E260F0088009483B6 /* linklist.h */ = {isa = PBXFileReference; lastKnownFileType = sourcecode.c.h; path = linklist.h; sourceTree = "<group>"; };
		15BD3A8525F854AD00D624B4 /* queue.cpp */ = {isa = PBXFileReference; lastKnownFileType = sourcecode.cpp.cpp; path = queue.cpp; sourceTree = "<group>"; };
/* End PBXFileReference section */

/* Begin PBXFrameworksBuildPhase section */
		15254E4A25F5B31D00D5C84B /* Frameworks */ = {
			isa = PBXFrameworksBuildPhase;
			buildActionMask = 2147483647;
			files = (
			);
			runOnlyForDeploymentPostprocessing = 0;
		};
/* End PBXFrameworksBuildPhase section */

/* Begin PBXGroup section */
		15254E4425F5B31D00D5C84B = {
			isa = PBXGroup;
			children = (
				15254E4F25F5B31D00D5C84B /* test */,
				15254E4E25F5B31D00D5C84B /* Products */,
			);
			sourceTree = "<group>";
		};
		15254E4E25F5B31D00D5C84B /* Products */ = {
			isa = PBXGroup;
			children = (
				15254E4D25F5B31D00D5C84B /* test */,
			);
			name = Products;
			sourceTree = "<group>";
		};
		15254E4F25F5B31D00D5C84B /* test */ = {
			isa = PBXGroup;
			children = (
				155D8CF62615524E005E9B65 /* ch6_forest */,
				1531732625FA3ADE00A4F772 /* shangji */,
				15BD3A8425F8548100D624B4 /* ch2 */,
				15BD3A8325F8546800D624B4 /* ch3 */,
				15737E6126034FD00075B8BE /* ch4 */,
				155909CF25FE569300ED7FB7 /* test.cpp */,
				155D8CFC2615AE84005E9B65 /* ch5 */,
				155909D425FE5D8000ED7FB7 /* model.h */,
				15B5A57E260F0088009483B6 /* linklist.h */,
				15737E6026034F840075B8BE /* Btree.h */,
				155D8CFB2615AE1C005E9B65 /* BST.h */,
				155D8D012615B1D8005E9B65 /* array.h */,
				156943C1261095A900FFFD3F /* heap.h */,
			);
			path = test;
			sourceTree = "<group>";
		};
		1531732625FA3ADE00A4F772 /* shangji */ = {
			isa = PBXGroup;
			children = (
				1531733625FA3EDA00A4F772 /* ch2.cpp */,
				15B5A57B260EFFCC009483B6 /* ch2_2.cpp */,
				155FDF4425FCEA66000B43E4 /* ch3.cpp */,
				156943BE2610902800FFFD3F /* ch5.cpp */,
			);
			path = shangji;
			sourceTree = "<group>";
		};
		155D8CF62615524E005E9B65 /* ch6_forest */ = {
			isa = PBXGroup;
			children = (
				155D8CF726155284005E9B65 /* main.cpp */,
			);
			path = ch6_forest;
			sourceTree = "<group>";
		};
		155D8CFC2615AE84005E9B65 /* ch5 */ = {
			isa = PBXGroup;
			children = (
				155D8CFD2615AE98005E9B65 /* 14.cpp */,
			);
			path = ch5;
			sourceTree = "<group>";
		};
		15737E6126034FD00075B8BE /* ch4 */ = {
			isa = PBXGroup;
			children = (
				15737E6226034FE90075B8BE /* test4.cpp */,
			);
			path = ch4;
			sourceTree = "<group>";
		};
		15BD3A8325F8546800D624B4 /* ch3 */ = {
			isa = PBXGroup;
			children = (
				15BD3A8525F854AD00D624B4 /* queue.cpp */,
				15848AC325FA07980045FE35 /* node.cpp */,
				15848AC825FA13190045FE35 /* test6.cpp */,
			);
			path = ch3;
			sourceTree = "<group>";
		};
		15BD3A8425F8548100D624B4 /* ch2 */ = {
			isa = PBXGroup;
			children = (
				15254E5025F5B31D00D5C84B /* main.cpp */,
				15254E5825F5CCE400D5C84B /* test9.cpp */,
				15254E5D25F5DB3100D5C84B /* test8.cpp */,
			);
			path = ch2;
			sourceTree = "<group>";
		};
/* End PBXGroup section */

/* Begin PBXNativeTarget section */
		15254E4C25F5B31D00D5C84B /* test */ = {
			isa = PBXNativeTarget;
			buildConfigurationList = 15254E5425F5B31D00D5C84B /* Build configuration list for PBXNativeTarget "test" */;
			buildPhases = (
				15254E4925F5B31D00D5C84B /* Sources */,
				15254E4A25F5B31D00D5C84B /* Frameworks */,
				15254E4B25F5B31D00D5C84B /* CopyFiles */,
			);
			buildRules = (
			);
			dependencies = (
			);
			name = test;
			productName = test;
			productReference = 15254E4D25F5B31D00D5C84B /* test */;
			productType = "com.apple.product-type.tool";
		};
/* End PBXNativeTarget section */

/* Begin PBXProject section */
		15254E4525F5B31D00D5C84B /* Project object */ = {
			isa = PBXProject;
			attributes = {
				LastUpgradeCheck = 1230;
				TargetAttributes = {
					15254E4C25F5B31D00D5C84B = {
						CreatedOnToolsVersion = 12.3;
					};
				};
			};
			buildConfigurationList = 15254E4825F5B31D00D5C84B /* Build configuration list for PBXProject "test" */;
			compatibilityVersion = "Xcode 9.3";
			developmentRegion = en;
			hasScannedForEncodings = 0;
			knownRegions = (
				en,
				Base,
			);
			mainGroup = 15254E4425F5B31D00D5C84B;
			productRefGroup = 15254E4E25F5B31D00D5C84B /* Products */;
			projectDirPath = "";
			projectRoot = "";
			targets = (
				15254E4C25F5B31D00D5C84B /* test */,
			);
		};
/* End PBXProject section */

/* Begin PBXSourcesBuildPhase section */
		15254E4925F5B31D00D5C84B /* Sources */ = {
			isa = PBXSourcesBuildPhase;
			buildActionMask = 2147483647;
			files = (
				155D8CFE2615AE98005E9B65 /* 14.cpp in Sources */,
				156943BF2610902800FFFD3F /* ch5.cpp in Sources */,
				15737E6426034FE90075B8BE /* test4.cpp in Sources */,
				15BD3A8725F854AD00D624B4 /* queue.cpp in Sources */,
				1531733825FA3EDA00A4F772 /* ch2.cpp in Sources */,
				15254E5125F5B31D00D5C84B /* main.cpp in Sources */,
				15848ACA25FA13190045FE35 /* test6.cpp in Sources */,
				15B5A57C260EFFCC009483B6 /* ch2_2.cpp in Sources */,
				155909D125FE569300ED7FB7 /* test.cpp in Sources */,
				155FDF4625FCEA66000B43E4 /* ch3.cpp in Sources */,
				15254E5A25F5CCE400D5C84B /* test9.cpp in Sources */,
				155D8CF826155284005E9B65 /* main.cpp in Sources */,
				15848AC525FA07980045FE35 /* node.cpp in Sources */,
				15254E5F25F5DB3100D5C84B /* test8.cpp in Sources */,
			);
			runOnlyForDeploymentPostprocessing = 0;
		};
/* End PBXSourcesBuildPhase section */

/* Begin XCBuildConfiguration section */
		15254E5225F5B31D00D5C84B /* Debug */ = {
			isa = XCBuildConfiguration;
			buildSettings = {
				ALWAYS_SEARCH_USER_PATHS = NO;
				CLANG_ANALYZER_NONNULL = YES;
				CLANG_ANALYZER_NUMBER_OBJECT_CONVERSION = YES_AGGRESSIVE;
				CLANG_CXX_LANGUAGE_STANDARD = "gnu++14";
				CLANG_CXX_LIBRARY = "libc++";
				CLANG_ENABLE_MODULES = YES;
				CLANG_ENABLE_OBJC_ARC = YES;
				CLANG_ENABLE_OBJC_WEAK = YES;
				CLANG_WARN_BLOCK_CAPTURE_AUTORELEASING = YES;
				CLANG_WARN_BOOL_CONVERSION = YES;
				CLANG_WARN_COMMA = YES;
				CLANG_WARN_CONSTANT_CONVERSION = YES;
				CLANG_WARN_DEPRECATED_OBJC_IMPLEMENTATIONS = YES;
				CLANG_WARN_DIRECT_OBJC_ISA_USAGE = YES_ERROR;
				CLANG_WARN_DOCUMENTATION_COMMENTS = YES;
				CLANG_WARN_EMPTY_BODY = YES;
				CLANG_WARN_ENUM_CONVERSION = YES;
				CLANG_WARN_INFINITE_RECURSION = YES;
				CLANG_WARN_INT_CONVERSION = YES;
				CLANG_WARN_NON_LITERAL_NULL_CONVERSION = YES;
				CLANG_WARN_OBJC_IMPLICIT_RETAIN_SELF = YES;
				CLANG_WARN_OBJC_LITERAL_CONVERSION = YES;
				CLANG_WARN_OBJC_ROOT_CLASS = YES_ERROR;
				CLANG_WARN_QUOTED_INCLUDE_IN_FRAMEWORK_HEADER = YES;
				CLANG_WARN_RANGE_LOOP_ANALYSIS = YES;
				CLANG_WARN_STRICT_PROTOTYPES = YES;
				CLANG_WARN_SUSPICIOUS_MOVE = YES;
				CLANG_WARN_UNGUARDED_AVAILABILITY = YES_AGGRESSIVE;
				CLANG_WARN_UNREACHABLE_CODE = YES;
				CLANG_WARN__DUPLICATE_METHOD_MATCH = YES;
				COPY_PHASE_STRIP = NO;
				DEBUG_INFORMATION_FORMAT = dwarf;
				ENABLE_STRICT_OBJC_MSGSEND = YES;
				ENABLE_TESTABILITY = YES;
				GCC_C_LANGUAGE_STANDARD = gnu11;
				GCC_DYNAMIC_NO_PIC = NO;
				GCC_NO_COMMON_BLOCKS = YES;
				GCC_OPTIMIZATION_LEVEL = 0;
				GCC_PREPROCESSOR_DEFINITIONS = (
					"DEBUG=1",
					"$(inherited)",
				);
				GCC_WARN_64_TO_32_BIT_CONVERSION = YES;
				GCC_WARN_ABOUT_RETURN_TYPE = YES_ERROR;
				GCC_WARN_UNDECLARED_SELECTOR = YES;
				GCC_WARN_UNINITIALIZED_AUTOS = YES_AGGRESSIVE;
				GCC_WARN_UNUSED_FUNCTION = YES;
				GCC_WARN_UNUSED_VARIABLE = YES;
				MACOSX_DEPLOYMENT_TARGET = 11.1;
				MTL_ENABLE_DEBUG_INFO = INCLUDE_SOURCE;
				MTL_FAST_MATH = YES;
				ONLY_ACTIVE_ARCH = YES;
				SDKROOT = macosx;
			};
			name = Debug;
		};
		15254E5325F5B31D00D5C84B /* Release */ = {
			isa = XCBuildConfiguration;
			buildSettings = {
				ALWAYS_SEARCH_USER_PATHS = NO;
				CLANG_ANALYZER_NONNULL = YES;
				CLANG_ANALYZER_NUMBER_OBJECT_CONVERSION = YES_AGGRESSIVE;
				CLANG_CXX_LANGUAGE_STANDARD = "gnu++14";
				CLANG_CXX_LIBRARY = "libc++";
				CLANG_ENABLE_MODULES = YES;
				CLANG_ENABLE_OBJC_ARC = YES;
				CLANG_ENABLE_OBJC_WEAK = YES;
				CLANG_WARN_BLOCK_CAPTURE_AUTORELEASING = YES;
				CLANG_WARN_BOOL_CONVERSION = YES;
				CLANG_WARN_COMMA = YES;
				CLANG_WARN_CONSTANT_CONVERSION = YES;
				CLANG_WARN_DEPRECATED_OBJC_IMPLEMENTATIONS = YES;
				CLANG_WARN_DIRECT_OBJC_ISA_USAGE = YES_ERROR;
				CLANG_WARN_DOCUMENTATION_COMMENTS = YES;
				CLANG_WARN_EMPTY_BODY = YES;
				CLANG_WARN_ENUM_CONVERSION = YES;
				CLANG_WARN_INFINITE_RECURSION = YES;
				CLANG_WARN_INT_CONVERSION = YES;
				CLANG_WARN_NON_LITERAL_NULL_CONVERSION = YES;
				CLANG_WARN_OBJC_IMPLICIT_RETAIN_SELF = YES;
				CLANG_WARN_OBJC_LITERAL_CONVERSION = YES;
				CLANG_WARN_OBJC_ROOT_CLASS = YES_ERROR;
				CLANG_WARN_QUOTED_INCLUDE_IN_FRAMEWORK_HEADER = YES;
				CLANG_WARN_RANGE_LOOP_ANALYSIS = YES;
				CLANG_WARN_STRICT_PROTOTYPES = YES;
				CLANG_WARN_SUSPICIOUS_MOVE = YES;
				CLANG_WARN_UNGUARDED_AVAILABILITY = YES_AGGRESSIVE;
				CLANG_WARN_UNREACHABLE_CODE = YES;
				CLANG_WARN__DUPLICATE_METHOD_MATCH = YES;
				COPY_PHASE_STRIP = NO;
				DEBUG_INFORMATION_FORMAT = "dwarf-with-dsym";
				ENABLE_NS_ASSERTIONS = NO;
				ENABLE_STRICT_OBJC_MSGSEND = YES;
				GCC_C_LANGUAGE_STANDARD = gnu11;
				GCC_NO_COMMON_BLOCKS = YES;
				GCC_WARN_64_TO_32_BIT_CONVERSION = YES;
				GCC_WARN_ABOUT_RETURN_TYPE = YES_ERROR;
				GCC_WARN_UNDECLARED_SELECTOR = YES;
				GCC_WARN_UNINITIALIZED_AUTOS = YES_AGGRESSIVE;
				GCC_WARN_UNUSED_FUNCTION = YES;
				GCC_WARN_UNUSED_VARIABLE = YES;
				MACOSX_DEPLOYMENT_TARGET = 11.1;
				MTL_ENABLE_DEBUG_INFO = NO;
				MTL_FAST_MATH = YES;
				SDKROOT = macosx;
			};
			name = Release;
		};
		15254E5525F5B31D00D5C84B /* Debug */ = {
			isa = XCBuildConfiguration;
			buildSettings = {
				CODE_SIGN_STYLE = Automatic;
				DEVELOPMENT_TEAM = CFWHL42J24;
				ENABLE_HARDENED_RUNTIME = YES;
				PRODUCT_NAME = "$(TARGET_NAME)";
			};
			name = Debug;
		};
		15254E5625F5B31D00D5C84B /* Release */ = {
			isa = XCBuildConfiguration;
			buildSettings = {
				CODE_SIGN_STYLE = Automatic;
				DEVELOPMENT_TEAM = CFWHL42J24;
				ENABLE_HARDENED_RUNTIME = YES;
				PRODUCT_NAME = "$(TARGET_NAME)";
			};
			name = Release;
		};
/* End XCBuildConfiguration section */

/* Begin XCConfigurationList section */
		15254E4825F5B31D00D5C84B /* Build configuration list for PBXProject "test" */ = {
			isa = XCConfigurationList;
			buildConfigurations = (
				15254E5225F5B31D00D5C84B /* Debug */,
				15254E5325F5B31D00D5C84B /* Release */,
			);
			defaultConfigurationIsVisible = 0;
			defaultConfigurationName = Release;
		};
		15254E5425F5B31D00D5C84B /* Build configuration list for PBXNativeTarget "test" */ = {
			isa = XCConfigurationList;
			buildConfigurations = (
				15254E5525F5B31D00D5C84B /* Debug */,
				15254E5625F5B31D00D5C84B /* Release */,
			);
			defaultConfigurationIsVisible = 0;
			defaultConfigurationName = Release;
		};
/* End XCConfigurationList section */
	};
	rootObject = 15254E4525F5B31D00D5C84B /* Project object */;
}
